
Microsoft Visual Studio Solution File, Format Version 12.00
# Visual Studio Version 17
VisualStudioVersion = 17.14.36511.14 d17.14
MinimumVisualStudioVersion = 10.0.40219.1
Project("{FAE04EC0-301F-11D3-BF4B-00C04F79EFBC}") = "DFZMochiInferno", "DFZMochiInferno\DFZMochiInferno.csproj", "{F8303DD7-7FD5-4FB5-BB98-D2965E23FE70}"
EndProject
Global
	GlobalSection(SolutionConfigurationPlatforms) = preSolution
		Debug|Any CPU = Debug|Any CPU
		Release|Any CPU = Release|Any CPU
	EndGlobalSection
	GlobalSection(ProjectConfigurationPlatforms) = postSolution
		{F8303DD7-7FD5-4FB5-BB98-D2965E23FE70}.Debug|Any CPU.ActiveCfg = Debug|Any CPU
		{F8303DD7-7FD5-4FB5-BB98-D2965E23FE70}.Debug|Any CPU.Build.0 = Debug|Any CPU
		{F8303DD7-7FD5-4FB5-BB98-D2965E23FE70}.Release|Any CPU.ActiveCfg = Release|Any CPU
		{F8303DD7-7FD5-4FB5-BB98-D2965E23FE70}.Release|Any CPU.Build.0 = Release|Any CPU
	EndGlobalSection
	GlobalSection(SolutionProperties) = preSolution
		HideSolutionNode = FALSE
	EndGlobalSection
	GlobalSection(ExtensibilityGlobals) = postSolution
		SolutionGuid = {699FAEAC-217A-4752-B937-392E70CFCC2F}
	EndGlobalSection
EndGlobal
