
Microsoft Visual Studio Solution File, Format Version 12.00
# Visual Studio Version 17
VisualStudioVersion = 17.13.35818.85 d17.13
MinimumVisualStudioVersion = 10.0.40219.1
Project("{FAE04EC0-301F-11D3-BF4B-00C04F79EFBC}") = "DFZCradlePlus", "DFZCradlePlus\DFZCradlePlus.csproj", "{EF1D15B6-03CF-4A9A-9430-DCD49AFCF8F1}"
EndProject
Global
	GlobalSection(SolutionConfigurationPlatforms) = preSolution
		Debug|Any CPU = Debug|Any CPU
		Release|Any CPU = Release|Any CPU
	EndGlobalSection
	GlobalSection(ProjectConfigurationPlatforms) = postSolution
		{EF1D15B6-03CF-4A9A-9430-DCD49AFCF8F1}.Debug|Any CPU.ActiveCfg = Debug|Any CPU
		{EF1D15B6-03CF-4A9A-9430-DCD49AFCF8F1}.Debug|Any CPU.Build.0 = Debug|Any CPU
		{EF1D15B6-03CF-4A9A-9430-DCD49AFCF8F1}.Release|Any CPU.ActiveCfg = Release|Any CPU
		{EF1D15B6-03CF-4A9A-9430-DCD49AFCF8F1}.Release|Any CPU.Build.0 = Release|Any CPU
	EndGlobalSection
	GlobalSection(SolutionProperties) = preSolution
		HideSolutionNode = FALSE
	EndGlobalSection
	GlobalSection(ExtensibilityGlobals) = postSolution
		SolutionGuid = {E38F3EDA-46BC-46B0-9F72-4DCEE457C852}
	EndGlobalSection
EndGlobal
