
Microsoft Visual Studio Solution File, Format Version 12.00
# Visual Studio Version 17
VisualStudioVersion = 17.13.35818.85 d17.13
MinimumVisualStudioVersion = 10.0.40219.1
Project("{FAE04EC0-301F-11D3-BF4B-00C04F79EFBC}") = "DFZBalancingMod", "DFZBalancingMod\DFZBalancingMod.csproj", "{0E25C8A8-FAAA-4E01-9C01-FE79ECC670DC}"
EndProject
Global
	GlobalSection(SolutionConfigurationPlatforms) = preSolution
		Debug|Any CPU = Debug|Any CPU
		Release|Any CPU = Release|Any CPU
	EndGlobalSection
	GlobalSection(ProjectConfigurationPlatforms) = postSolution
		{0E25C8A8-FAAA-4E01-9C01-FE79ECC670DC}.Debug|Any CPU.ActiveCfg = Debug|Any CPU
		{0E25C8A8-FAAA-4E01-9C01-FE79ECC670DC}.Debug|Any CPU.Build.0 = Debug|Any CPU
		{0E25C8A8-FAAA-4E01-9C01-FE79ECC670DC}.Release|Any CPU.ActiveCfg = Release|Any CPU
		{0E25C8A8-FAAA-4E01-9C01-FE79ECC670DC}.Release|Any CPU.Build.0 = Release|Any CPU
	EndGlobalSection
	GlobalSection(SolutionProperties) = preSolution
		HideSolutionNode = FALSE
	EndGlobalSection
	GlobalSection(ExtensibilityGlobals) = postSolution
		SolutionGuid = {FE9DB9CB-4D56-4A39-9EA0-082C65DD0FC2}
	EndGlobalSection
EndGlobal
